
Microsoft Visual Studio Solution File, Format Version 12.00
# Visual Studio Version 17
VisualStudioVersion = 17.13.35818.85
MinimumVisualStudioVersion = 10.0.40219.1
Project("{FAE04EC0-301F-11D3-BF4B-00C04F79EFBC}") = "WpfStudyApp05", "WpfStudyApp05\WpfStudyApp05.csproj", "{EE92A8F9-F53D-40DD-B964-BAAF3714AEB1}"
EndProject
Project("{FAE04EC0-301F-11D3-BF4B-00C04F79EFBC}") = "WpfStudyApp06", "WpfStudyApp06\WpfStudyApp06.csproj", "{980696BF-6D0E-43D5-94F6-6115212E585C}"
EndProject
Project("{FAE04EC0-301F-11D3-BF4B-00C04F79EFBC}") = "WpfStudyApp07", "WpfStudyApp07\WpfStudyApp07.csproj", "{32A0F6CC-7769-46BC-8082-0780E1DB79BE}"
EndProject
Global
	GlobalSection(SolutionConfigurationPlatforms) = preSolution
		Debug|Any CPU = Debug|Any CPU
		Release|Any CPU = Release|Any CPU
	EndGlobalSection
	GlobalSection(ProjectConfigurationPlatforms) = postSolution
		{EE92A8F9-F53D-40DD-B964-BAAF3714AEB1}.Debug|Any CPU.ActiveCfg = Debug|Any CPU
		{EE92A8F9-F53D-40DD-B964-BAAF3714AEB1}.Debug|Any CPU.Build.0 = Debug|Any CPU
		{EE92A8F9-F53D-40DD-B964-BAAF3714AEB1}.Release|Any CPU.ActiveCfg = Release|Any CPU
		{EE92A8F9-F53D-40DD-B964-BAAF3714AEB1}.Release|Any CPU.Build.0 = Release|Any CPU
		{980696BF-6D0E-43D5-94F6-6115212E585C}.Debug|Any CPU.ActiveCfg = Debug|Any CPU
		{980696BF-6D0E-43D5-94F6-6115212E585C}.Debug|Any CPU.Build.0 = Debug|Any CPU
		{980696BF-6D0E-43D5-94F6-6115212E585C}.Release|Any CPU.ActiveCfg = Release|Any CPU
		{980696BF-6D0E-43D5-94F6-6115212E585C}.Release|Any CPU.Build.0 = Release|Any CPU
		{32A0F6CC-7769-46BC-8082-0780E1DB79BE}.Debug|Any CPU.ActiveCfg = Debug|Any CPU
		{32A0F6CC-7769-46BC-8082-0780E1DB79BE}.Debug|Any CPU.Build.0 = Debug|Any CPU
		{32A0F6CC-7769-46BC-8082-0780E1DB79BE}.Release|Any CPU.ActiveCfg = Release|Any CPU
		{32A0F6CC-7769-46BC-8082-0780E1DB79BE}.Release|Any CPU.Build.0 = Release|Any CPU
	EndGlobalSection
	GlobalSection(SolutionProperties) = preSolution
		HideSolutionNode = FALSE
	EndGlobalSection
	GlobalSection(ExtensibilityGlobals) = postSolution
		SolutionGuid = {2D013E1F-03E2-4F01-A7AC-34AE56DB68B8}
	EndGlobalSection
EndGlobal
