
Microsoft Visual Studio Solution File, Format Version 12.00
# Visual Studio Version 17
VisualStudioVersion = 17.13.35818.85 d17.13
MinimumVisualStudioVersion = 10.0.40219.1
Project("{FAE04EC0-301F-11D3-BF4B-00C04F79EFBC}") = "SyntaxWinApp01", "SyntaxWinApp01\SyntaxWinApp01.csproj", "{2696937F-F9B2-485E-B9A3-0B0B4A2EC509}"
EndProject
Project("{FAE04EC0-301F-11D3-BF4B-00C04F79EFBC}") = "WinControlsApp", "WinControlsApp\WinControlsApp.csproj", "{9DCCE15C-955B-40D0-BE90-8AFA26D24631}"
EndProject
Global
	GlobalSection(SolutionConfigurationPlatforms) = preSolution
		Debug|Any CPU = Debug|Any CPU
		Release|Any CPU = Release|Any CPU
	EndGlobalSection
	GlobalSection(ProjectConfigurationPlatforms) = postSolution
		{2696937F-F9B2-485E-B9A3-0B0B4A2EC509}.Debug|Any CPU.ActiveCfg = Debug|Any CPU
		{2696937F-F9B2-485E-B9A3-0B0B4A2EC509}.Debug|Any CPU.Build.0 = Debug|Any CPU
		{2696937F-F9B2-485E-B9A3-0B0B4A2EC509}.Release|Any CPU.ActiveCfg = Release|Any CPU
		{2696937F-F9B2-485E-B9A3-0B0B4A2EC509}.Release|Any CPU.Build.0 = Release|Any CPU
		{9DCCE15C-955B-40D0-BE90-8AFA26D24631}.Debug|Any CPU.ActiveCfg = Debug|Any CPU
		{9DCCE15C-955B-40D0-BE90-8AFA26D24631}.Debug|Any CPU.Build.0 = Debug|Any CPU
		{9DCCE15C-955B-40D0-BE90-8AFA26D24631}.Release|Any CPU.ActiveCfg = Release|Any CPU
		{9DCCE15C-955B-40D0-BE90-8AFA26D24631}.Release|Any CPU.Build.0 = Release|Any CPU
	EndGlobalSection
	GlobalSection(SolutionProperties) = preSolution
		HideSolutionNode = FALSE
	EndGlobalSection
	GlobalSection(ExtensibilityGlobals) = postSolution
		SolutionGuid = {8EA8EDA9-BBE1-41D8-A961-67869D4B5ED2}
	EndGlobalSection
EndGlobal
