
Microsoft Visual Studio Solution File, Format Version 12.00
# Visual Studio Version 17
VisualStudioVersion = 17.13.35818.85 d17.13
MinimumVisualStudioVersion = 10.0.40219.1
Project("{FAE04EC0-301F-11D3-BF4B-00C04F79EFBC}") = "SyntaxWinApp01", "SyntaxWinApp01\SyntaxWinApp01.csproj", "{8E818BC5-8BD3-4DF2-A23C-EC66F992BD88}"
EndProject
Project("{FAE04EC0-301F-11D3-BF4B-00C04F79EFBC}") = "SyntaxWinApp02", "SyntaxWinApp02\SyntaxWinApp02.csproj", "{7CEA820C-F7BE-40E8-AA7E-63097D552958}"
EndProject
Project("{FAE04EC0-301F-11D3-BF4B-00C04F79EFBC}") = "SyntaxWinApp03", "SyntaxWinApp03\SyntaxWinApp03.csproj", "{A7A3C9AA-3367-4ABF-9794-9AE8D0325284}"
EndProject
Global
	GlobalSection(SolutionConfigurationPlatforms) = preSolution
		Debug|Any CPU = Debug|Any CPU
		Release|Any CPU = Release|Any CPU
	EndGlobalSection
	GlobalSection(ProjectConfigurationPlatforms) = postSolution
		{8E818BC5-8BD3-4DF2-A23C-EC66F992BD88}.Debug|Any CPU.ActiveCfg = Debug|Any CPU
		{8E818BC5-8BD3-4DF2-A23C-EC66F992BD88}.Debug|Any CPU.Build.0 = Debug|Any CPU
		{8E818BC5-8BD3-4DF2-A23C-EC66F992BD88}.Release|Any CPU.ActiveCfg = Release|Any CPU
		{8E818BC5-8BD3-4DF2-A23C-EC66F992BD88}.Release|Any CPU.Build.0 = Release|Any CPU
		{7CEA820C-F7BE-40E8-AA7E-63097D552958}.Debug|Any CPU.ActiveCfg = Debug|Any CPU
		{7CEA820C-F7BE-40E8-AA7E-63097D552958}.Debug|Any CPU.Build.0 = Debug|Any CPU
		{7CEA820C-F7BE-40E8-AA7E-63097D552958}.Release|Any CPU.ActiveCfg = Release|Any CPU
		{7CEA820C-F7BE-40E8-AA7E-63097D552958}.Release|Any CPU.Build.0 = Release|Any CPU
		{A7A3C9AA-3367-4ABF-9794-9AE8D0325284}.Debug|Any CPU.ActiveCfg = Debug|Any CPU
		{A7A3C9AA-3367-4ABF-9794-9AE8D0325284}.Debug|Any CPU.Build.0 = Debug|Any CPU
		{A7A3C9AA-3367-4ABF-9794-9AE8D0325284}.Release|Any CPU.ActiveCfg = Release|Any CPU
		{A7A3C9AA-3367-4ABF-9794-9AE8D0325284}.Release|Any CPU.Build.0 = Release|Any CPU
	EndGlobalSection
	GlobalSection(SolutionProperties) = preSolution
		HideSolutionNode = FALSE
	EndGlobalSection
	GlobalSection(ExtensibilityGlobals) = postSolution
		SolutionGuid = {80B93B50-30E7-4B02-9C0D-2C515A52CA83}
	EndGlobalSection
EndGlobal
