
Microsoft Visual Studio Solution File, Format Version 12.00
# Visual Studio Version 17
VisualStudioVersion = 17.13.35818.85 d17.13
MinimumVisualStudioVersion = 10.0.40219.1
Project("{FAE04EC0-301F-11D3-BF4B-00C04F79EFBC}") = "WpfStudyApp01", "WpfStudyApp01\WpfStudyApp01.csproj", "{72B3F640-F92C-4A71-81A7-CF0ADCC214B8}"
EndProject
Project("{FAE04EC0-301F-11D3-BF4B-00C04F79EFBC}") = "WpfStudyApp02", "WpfStudyApp02\WpfStudyApp02.csproj", "{1921F632-BDAF-4A2C-8FDE-7254C6BCADED}"
EndProject
Project("{FAE04EC0-301F-11D3-BF4B-00C04F79EFBC}") = "WpfStudyApp03", "WpfStudyApp03\WpfStudyApp03.csproj", "{110FDD54-2214-4A8C-BEEB-CF6BAAEFA14E}"
EndProject
Project("{FAE04EC0-301F-11D3-BF4B-00C04F79EFBC}") = "WpfStudyApp04", "WpfStudyApp04\WpfStudyApp04.csproj", "{7AF98EE5-16A4-4805-9EE6-B414156CE547}"
EndProject
Global
	GlobalSection(SolutionConfigurationPlatforms) = preSolution
		Debug|Any CPU = Debug|Any CPU
		Release|Any CPU = Release|Any CPU
	EndGlobalSection
	GlobalSection(ProjectConfigurationPlatforms) = postSolution
		{72B3F640-F92C-4A71-81A7-CF0ADCC214B8}.Debug|Any CPU.ActiveCfg = Debug|Any CPU
		{72B3F640-F92C-4A71-81A7-CF0ADCC214B8}.Debug|Any CPU.Build.0 = Debug|Any CPU
		{72B3F640-F92C-4A71-81A7-CF0ADCC214B8}.Release|Any CPU.ActiveCfg = Release|Any CPU
		{72B3F640-F92C-4A71-81A7-CF0ADCC214B8}.Release|Any CPU.Build.0 = Release|Any CPU
		{1921F632-BDAF-4A2C-8FDE-7254C6BCADED}.Debug|Any CPU.ActiveCfg = Debug|Any CPU
		{1921F632-BDAF-4A2C-8FDE-7254C6BCADED}.Debug|Any CPU.Build.0 = Debug|Any CPU
		{1921F632-BDAF-4A2C-8FDE-7254C6BCADED}.Release|Any CPU.ActiveCfg = Release|Any CPU
		{1921F632-BDAF-4A2C-8FDE-7254C6BCADED}.Release|Any CPU.Build.0 = Release|Any CPU
		{110FDD54-2214-4A8C-BEEB-CF6BAAEFA14E}.Debug|Any CPU.ActiveCfg = Debug|Any CPU
		{110FDD54-2214-4A8C-BEEB-CF6BAAEFA14E}.Debug|Any CPU.Build.0 = Debug|Any CPU
		{110FDD54-2214-4A8C-BEEB-CF6BAAEFA14E}.Release|Any CPU.ActiveCfg = Release|Any CPU
		{110FDD54-2214-4A8C-BEEB-CF6BAAEFA14E}.Release|Any CPU.Build.0 = Release|Any CPU
		{7AF98EE5-16A4-4805-9EE6-B414156CE547}.Debug|Any CPU.ActiveCfg = Debug|Any CPU
		{7AF98EE5-16A4-4805-9EE6-B414156CE547}.Debug|Any CPU.Build.0 = Debug|Any CPU
		{7AF98EE5-16A4-4805-9EE6-B414156CE547}.Release|Any CPU.ActiveCfg = Release|Any CPU
		{7AF98EE5-16A4-4805-9EE6-B414156CE547}.Release|Any CPU.Build.0 = Release|Any CPU
	EndGlobalSection
	GlobalSection(SolutionProperties) = preSolution
		HideSolutionNode = FALSE
	EndGlobalSection
	GlobalSection(ExtensibilityGlobals) = postSolution
		SolutionGuid = {6A8B70E4-40D2-403C-9D1F-402DF260C54B}
	EndGlobalSection
EndGlobal
