
Microsoft Visual Studio Solution File, Format Version 12.00
# Visual Studio Version 17
VisualStudioVersion = 17.13.35818.85 d17.13
MinimumVisualStudioVersion = 10.0.40219.1
Project("{FAE04EC0-301F-11D3-BF4B-00C04F79EFBC}") = "WpfStudyApp01", "WpfStudyApp01\WpfStudyApp01.csproj", "{6623A9CF-74C3-47C4-921B-578C1B23725F}"
EndProject
Project("{FAE04EC0-301F-11D3-BF4B-00C04F79EFBC}") = "WpfStudyApp02", "WpfStudyApp02\WpfStudyApp02.csproj", "{B04BB5F0-E421-41CC-8D9C-2315F8A65E2D}"
EndProject
Project("{FAE04EC0-301F-11D3-BF4B-00C04F79EFBC}") = "WpfStudyApp03", "WpfStudyApp03\WpfStudyApp03.csproj", "{4EE1E7B2-472F-4326-A64C-99F04E97F0B0}"
EndProject
Project("{FAE04EC0-301F-11D3-BF4B-00C04F79EFBC}") = "WpfStudyApp04", "WpfStudyApp04\WpfStudyApp04.csproj", "{6E2471D3-6A3B-4836-9498-A23F3631BD04}"
EndProject
Project("{FAE04EC0-301F-11D3-BF4B-00C04F79EFBC}") = "WpfStudyApp05", "WpfStudyApp05\WpfStudyApp05.csproj", "{8DA5E605-7301-4F7E-B3D0-5300BC969221}"
EndProject
Global
	GlobalSection(SolutionConfigurationPlatforms) = preSolution
		Debug|Any CPU = Debug|Any CPU
		Release|Any CPU = Release|Any CPU
	EndGlobalSection
	GlobalSection(ProjectConfigurationPlatforms) = postSolution
		{6623A9CF-74C3-47C4-921B-578C1B23725F}.Debug|Any CPU.ActiveCfg = Debug|Any CPU
		{6623A9CF-74C3-47C4-921B-578C1B23725F}.Debug|Any CPU.Build.0 = Debug|Any CPU
		{6623A9CF-74C3-47C4-921B-578C1B23725F}.Release|Any CPU.ActiveCfg = Release|Any CPU
		{6623A9CF-74C3-47C4-921B-578C1B23725F}.Release|Any CPU.Build.0 = Release|Any CPU
		{B04BB5F0-E421-41CC-8D9C-2315F8A65E2D}.Debug|Any CPU.ActiveCfg = Debug|Any CPU
		{B04BB5F0-E421-41CC-8D9C-2315F8A65E2D}.Debug|Any CPU.Build.0 = Debug|Any CPU
		{B04BB5F0-E421-41CC-8D9C-2315F8A65E2D}.Release|Any CPU.ActiveCfg = Release|Any CPU
		{B04BB5F0-E421-41CC-8D9C-2315F8A65E2D}.Release|Any CPU.Build.0 = Release|Any CPU
		{4EE1E7B2-472F-4326-A64C-99F04E97F0B0}.Debug|Any CPU.ActiveCfg = Debug|Any CPU
		{4EE1E7B2-472F-4326-A64C-99F04E97F0B0}.Debug|Any CPU.Build.0 = Debug|Any CPU
		{4EE1E7B2-472F-4326-A64C-99F04E97F0B0}.Release|Any CPU.ActiveCfg = Release|Any CPU
		{4EE1E7B2-472F-4326-A64C-99F04E97F0B0}.Release|Any CPU.Build.0 = Release|Any CPU
		{6E2471D3-6A3B-4836-9498-A23F3631BD04}.Debug|Any CPU.ActiveCfg = Debug|Any CPU
		{6E2471D3-6A3B-4836-9498-A23F3631BD04}.Debug|Any CPU.Build.0 = Debug|Any CPU
		{6E2471D3-6A3B-4836-9498-A23F3631BD04}.Release|Any CPU.ActiveCfg = Release|Any CPU
		{6E2471D3-6A3B-4836-9498-A23F3631BD04}.Release|Any CPU.Build.0 = Release|Any CPU
		{8DA5E605-7301-4F7E-B3D0-5300BC969221}.Debug|Any CPU.ActiveCfg = Debug|Any CPU
		{8DA5E605-7301-4F7E-B3D0-5300BC969221}.Debug|Any CPU.Build.0 = Debug|Any CPU
		{8DA5E605-7301-4F7E-B3D0-5300BC969221}.Release|Any CPU.ActiveCfg = Release|Any CPU
		{8DA5E605-7301-4F7E-B3D0-5300BC969221}.Release|Any CPU.Build.0 = Release|Any CPU
	EndGlobalSection
	GlobalSection(SolutionProperties) = preSolution
		HideSolutionNode = FALSE
	EndGlobalSection
	GlobalSection(ExtensibilityGlobals) = postSolution
		SolutionGuid = {A0F382E4-7E61-4952-8261-FD3193C09EF8}
	EndGlobalSection
EndGlobal
