
Microsoft Visual Studio Solution File, Format Version 12.00
# Visual Studio Version 17
VisualStudioVersion = 17.13.35818.85 d17.13
MinimumVisualStudioVersion = 10.0.40219.1
Project("{FAE04EC0-301F-11D3-BF4B-00C04F79EFBC}") = "SyntaxWinApp01", "SyntaxWinApp01\SyntaxWinApp01.csproj", "{DE8CD274-4791-47AD-8C9D-7691A77462E6}"
EndProject
Project("{FAE04EC0-301F-11D3-BF4B-00C04F79EFBC}") = "SyntaxWinApp02", "SyntaxWinApp02\SyntaxWinApp02.csproj", "{FA206D9B-F09A-447E-B9B5-0717090BFD22}"
EndProject
Project("{FAE04EC0-301F-11D3-BF4B-00C04F79EFBC}") = "SyntaxWinApp03", "SyntaxWinApp03\SyntaxWinApp03.csproj", "{DAF91764-6658-463B-8EF5-05F0AF36B9B1}"
EndProject
Global
	GlobalSection(SolutionConfigurationPlatforms) = preSolution
		Debug|Any CPU = Debug|Any CPU
		Release|Any CPU = Release|Any CPU
	EndGlobalSection
	GlobalSection(ProjectConfigurationPlatforms) = postSolution
		{DE8CD274-4791-47AD-8C9D-7691A77462E6}.Debug|Any CPU.ActiveCfg = Debug|Any CPU
		{DE8CD274-4791-47AD-8C9D-7691A77462E6}.Debug|Any CPU.Build.0 = Debug|Any CPU
		{DE8CD274-4791-47AD-8C9D-7691A77462E6}.Release|Any CPU.ActiveCfg = Release|Any CPU
		{DE8CD274-4791-47AD-8C9D-7691A77462E6}.Release|Any CPU.Build.0 = Release|Any CPU
		{FA206D9B-F09A-447E-B9B5-0717090BFD22}.Debug|Any CPU.ActiveCfg = Debug|Any CPU
		{FA206D9B-F09A-447E-B9B5-0717090BFD22}.Debug|Any CPU.Build.0 = Debug|Any CPU
		{FA206D9B-F09A-447E-B9B5-0717090BFD22}.Release|Any CPU.ActiveCfg = Release|Any CPU
		{FA206D9B-F09A-447E-B9B5-0717090BFD22}.Release|Any CPU.Build.0 = Release|Any CPU
		{DAF91764-6658-463B-8EF5-05F0AF36B9B1}.Debug|Any CPU.ActiveCfg = Debug|Any CPU
		{DAF91764-6658-463B-8EF5-05F0AF36B9B1}.Debug|Any CPU.Build.0 = Debug|Any CPU
		{DAF91764-6658-463B-8EF5-05F0AF36B9B1}.Release|Any CPU.ActiveCfg = Release|Any CPU
		{DAF91764-6658-463B-8EF5-05F0AF36B9B1}.Release|Any CPU.Build.0 = Release|Any CPU
	EndGlobalSection
	GlobalSection(SolutionProperties) = preSolution
		HideSolutionNode = FALSE
	EndGlobalSection
	GlobalSection(ExtensibilityGlobals) = postSolution
		SolutionGuid = {87DCED42-9BCE-4F37-B3B9-1B869D8F45EA}
	EndGlobalSection
EndGlobal
