
Microsoft Visual Studio Solution File, Format Version 12.00
# Visual Studio Version 17
VisualStudioVersion = 17.13.35818.85
MinimumVisualStudioVersion = 10.0.40219.1
Project("{FAE04EC0-301F-11D3-BF4B-00C04F79EFBC}") = "ConsoleApp2", "ConsoleApp2\ConsoleApp2.csproj", "{F64D05FC-EF9F-4D90-95EF-D461631491D9}"
EndProject
Project("{FAE04EC0-301F-11D3-BF4B-00C04F79EFBC}") = "SyntaxWinApp01", "SyntaxWinApp01\SyntaxWinApp01.csproj", "{1A95993D-19D8-4BBE-A47F-565A0B822EA0}"
EndProject
Project("{FAE04EC0-301F-11D3-BF4B-00C04F79EFBC}") = "SyntaxWinApp02", "SyntaxWinApp02\SyntaxWinApp02.csproj", "{6C52B9E7-A146-4E71-BE56-B9D1FF941018}"
EndProject
Project("{FAE04EC0-301F-11D3-BF4B-00C04F79EFBC}") = "SyntaxWinApp03", "SyntaxWinApp03\SyntaxWinApp03.csproj", "{1DA325E8-38AE-4050-80CF-6A10E8611AD1}"
EndProject
Project("{FAE04EC0-301F-11D3-BF4B-00C04F79EFBC}") = "SyntaxWinApp04", "SyntaxWinApp04\SyntaxWinApp04.csproj", "{4BCD9C71-5487-43EB-A7DD-3C3AA4F4FBDA}"
EndProject
Global
	GlobalSection(SolutionConfigurationPlatforms) = preSolution
		Debug|Any CPU = Debug|Any CPU
		Release|Any CPU = Release|Any CPU
	EndGlobalSection
	GlobalSection(ProjectConfigurationPlatforms) = postSolution
		{F64D05FC-EF9F-4D90-95EF-D461631491D9}.Debug|Any CPU.ActiveCfg = Debug|Any CPU
		{F64D05FC-EF9F-4D90-95EF-D461631491D9}.Debug|Any CPU.Build.0 = Debug|Any CPU
		{F64D05FC-EF9F-4D90-95EF-D461631491D9}.Release|Any CPU.ActiveCfg = Release|Any CPU
		{F64D05FC-EF9F-4D90-95EF-D461631491D9}.Release|Any CPU.Build.0 = Release|Any CPU
		{1A95993D-19D8-4BBE-A47F-565A0B822EA0}.Debug|Any CPU.ActiveCfg = Debug|Any CPU
		{1A95993D-19D8-4BBE-A47F-565A0B822EA0}.Debug|Any CPU.Build.0 = Debug|Any CPU
		{1A95993D-19D8-4BBE-A47F-565A0B822EA0}.Release|Any CPU.ActiveCfg = Release|Any CPU
		{1A95993D-19D8-4BBE-A47F-565A0B822EA0}.Release|Any CPU.Build.0 = Release|Any CPU
		{6C52B9E7-A146-4E71-BE56-B9D1FF941018}.Debug|Any CPU.ActiveCfg = Debug|Any CPU
		{6C52B9E7-A146-4E71-BE56-B9D1FF941018}.Debug|Any CPU.Build.0 = Debug|Any CPU
		{6C52B9E7-A146-4E71-BE56-B9D1FF941018}.Release|Any CPU.ActiveCfg = Release|Any CPU
		{6C52B9E7-A146-4E71-BE56-B9D1FF941018}.Release|Any CPU.Build.0 = Release|Any CPU
		{1DA325E8-38AE-4050-80CF-6A10E8611AD1}.Debug|Any CPU.ActiveCfg = Debug|Any CPU
		{1DA325E8-38AE-4050-80CF-6A10E8611AD1}.Debug|Any CPU.Build.0 = Debug|Any CPU
		{1DA325E8-38AE-4050-80CF-6A10E8611AD1}.Release|Any CPU.ActiveCfg = Release|Any CPU
		{1DA325E8-38AE-4050-80CF-6A10E8611AD1}.Release|Any CPU.Build.0 = Release|Any CPU
		{4BCD9C71-5487-43EB-A7DD-3C3AA4F4FBDA}.Debug|Any CPU.ActiveCfg = Debug|Any CPU
		{4BCD9C71-5487-43EB-A7DD-3C3AA4F4FBDA}.Debug|Any CPU.Build.0 = Debug|Any CPU
		{4BCD9C71-5487-43EB-A7DD-3C3AA4F4FBDA}.Release|Any CPU.ActiveCfg = Release|Any CPU
		{4BCD9C71-5487-43EB-A7DD-3C3AA4F4FBDA}.Release|Any CPU.Build.0 = Release|Any CPU
	EndGlobalSection
	GlobalSection(SolutionProperties) = preSolution
		HideSolutionNode = FALSE
	EndGlobalSection
	GlobalSection(ExtensibilityGlobals) = postSolution
		SolutionGuid = {26462491-E3FA-490F-BB00-61CA524AF3AB}
	EndGlobalSection
EndGlobal
